// !$*UTF8*$!
{
	archiveVersion = 1;
	classes = {
	};
	objectVersion = 46;
	objects = {

/* Begin PBXBuildFile section */
		17B251B8AE88F5024CB3DE40 /* Pods_MTDataAPI.framework in Frameworks */ = {isa = PBXBuildFile; fileRef = 4E3DA84ACFAA7D84780638F4 /* Pods_MTDataAPI.framework */; };
		47DE9C4D2544C7D099411F72 /* Pods_MTDataAPITests.framework in Frameworks */ = {isa = PBXBuildFile; fileRef = F07AE5C559FC8337C2BCDF93 /* Pods_MTDataAPITests.framework */; };
		7947A2C41B01AB6500EDAEEA /* AppDelegate.swift in Sources */ = {isa = PBXBuildFile; fileRef = 7947A2BB1B01AB6500EDAEEA /* AppDelegate.swift */; };
		7947A2C51B01AB6500EDAEEA /* BlogTableViewController.swift in Sources */ = {isa = PBXBuildFile; fileRef = 7947A2BD1B01AB6500EDAEEA /* BlogTableViewController.swift */; };
		7947A2C61B01AB6500EDAEEA /* EntryDetailViewController.swift in Sources */ = {isa = PBXBuildFile; fileRef = 7947A2BE1B01AB6500EDAEEA /* EntryDetailViewController.swift */; };
		7947A2C71B01AB6500EDAEEA /* EntryTableViewController.swift in Sources */ = {isa = PBXBuildFile; fileRef = 7947A2BF1B01AB6500EDAEEA /* EntryTableViewController.swift */; };
		7947A2C81B01AB6500EDAEEA /* LoginViewController.swift in Sources */ = {isa = PBXBuildFile; fileRef = 7947A2C01B01AB6500EDAEEA /* LoginViewController.swift */; };
		7947A2D71B01ABDB00EDAEEA /* Entry.storyboard in Resources */ = {isa = PBXBuildFile; fileRef = 7947A2CF1B01ABDB00EDAEEA /* Entry.storyboard */; };
		7947A2D81B01ABDB00EDAEEA /* EntryDetail.storyboard in Resources */ = {isa = PBXBuildFile; fileRef = 7947A2D11B01ABDB00EDAEEA /* EntryDetail.storyboard */; };
		7947A2D91B01ABDB00EDAEEA /* LaunchScreen.xib in Resources */ = {isa = PBXBuildFile; fileRef = 7947A2D31B01ABDB00EDAEEA /* LaunchScreen.xib */; };
		7947A2DA1B01ABDB00EDAEEA /* Main.storyboard in Resources */ = {isa = PBXBuildFile; fileRef = 7947A2D51B01ABDB00EDAEEA /* Main.storyboard */; };
		7947A2DC1B01ABE400EDAEEA /* Images.xcassets in Resources */ = {isa = PBXBuildFile; fileRef = 7947A2DB1B01ABE400EDAEEA /* Images.xcassets */; };
		796D6D001B022767004DD179 /* DataAPI.swift in Sources */ = {isa = PBXBuildFile; fileRef = 796D6CFF1B022767004DD179 /* DataAPI.swift */; };
		79E8EEE31B01AA7100A2B881 /* MTDataAPITests.swift in Sources */ = {isa = PBXBuildFile; fileRef = 79E8EEE21B01AA7100A2B881 /* MTDataAPITests.swift */; };
/* End PBXBuildFile section */

/* Begin PBXContainerItemProxy section */
		79AFD5691B01A99C00833984 /* PBXContainerItemProxy */ = {
			isa = PBXContainerItemProxy;
			containerPortal = 79AFD54B1B01A99C00833984 /* Project object */;
			proxyType = 1;
			remoteGlobalIDString = 79AFD5521B01A99C00833984;
			remoteInfo = MTDataAPI;
		};
/* End PBXContainerItemProxy section */

/* Begin PBXFileReference section */
		4E3DA84ACFAA7D84780638F4 /* Pods_MTDataAPI.framework */ = {isa = PBXFileReference; explicitFileType = wrapper.framework; includeInIndex = 0; path = Pods_MTDataAPI.framework; sourceTree = BUILT_PRODUCTS_DIR; };
		6489D5EF2656A88988714B27 /* Pods-MTDataAPI.release.xcconfig */ = {isa = PBXFileReference; includeInIndex = 1; lastKnownFileType = text.xcconfig; name = "Pods-MTDataAPI.release.xcconfig"; path = "Pods/Target Support Files/Pods-MTDataAPI/Pods-MTDataAPI.release.xcconfig"; sourceTree = "<group>"; };
		764F60C9799725CAF1AFEEA5 /* Pods-MTDataAPITests.release.xcconfig */ = {isa = PBXFileReference; includeInIndex = 1; lastKnownFileType = text.xcconfig; name = "Pods-MTDataAPITests.release.xcconfig"; path = "Pods/Target Support Files/Pods-MTDataAPITests/Pods-MTDataAPITests.release.xcconfig"; sourceTree = "<group>"; };
		7947A2BB1B01AB6500EDAEEA /* AppDelegate.swift */ = {isa = PBXFileReference; fileEncoding = 4; lastKnownFileType = sourcecode.swift; path = AppDelegate.swift; sourceTree = "<group>"; };
		7947A2BD1B01AB6500EDAEEA /* BlogTableViewController.swift */ = {isa = PBXFileReference; fileEncoding = 4; lastKnownFileType = sourcecode.swift; path = BlogTableViewController.swift; sourceTree = "<group>"; };
		7947A2BE1B01AB6500EDAEEA /* EntryDetailViewController.swift */ = {isa = PBXFileReference; fileEncoding = 4; lastKnownFileType = sourcecode.swift; path = EntryDetailViewController.swift; sourceTree = "<group>"; };
		7947A2BF1B01AB6500EDAEEA /* EntryTableViewController.swift */ = {isa = PBXFileReference; fileEncoding = 4; lastKnownFileType = sourcecode.swift; path = EntryTableViewController.swift; sourceTree = "<group>"; };
		7947A2C01B01AB6500EDAEEA /* LoginViewController.swift */ = {isa = PBXFileReference; fileEncoding = 4; lastKnownFileType = sourcecode.swift; path = LoginViewController.swift; sourceTree = "<group>"; };
		7947A2D01B01ABDB00EDAEEA /* Base */ = {isa = PBXFileReference; lastKnownFileType = file.storyboard; name = Base; path = Base.lproj/Entry.storyboard; sourceTree = "<group>"; };
		7947A2D21B01ABDB00EDAEEA /* Base */ = {isa = PBXFileReference; lastKnownFileType = file.storyboard; name = Base; path = Base.lproj/EntryDetail.storyboard; sourceTree = "<group>"; };
		7947A2D41B01ABDB00EDAEEA /* Base */ = {isa = PBXFileReference; lastKnownFileType = file.xib; name = Base; path = Base.lproj/LaunchScreen.xib; sourceTree = "<group>"; };
		7947A2D61B01ABDB00EDAEEA /* Base */ = {isa = PBXFileReference; lastKnownFileType = file.storyboard; name = Base; path = Base.lproj/Main.storyboard; sourceTree = "<group>"; };
		7947A2DB1B01ABE400EDAEEA /* Images.xcassets */ = {isa = PBXFileReference; lastKnownFileType = folder.assetcatalog; path = Images.xcassets; sourceTree = "<group>"; };
		7947A2DD1B01ABED00EDAEEA /* MTDataAPI-Bridging-Header.h */ = {isa = PBXFileReference; lastKnownFileType = sourcecode.c.h; path = "MTDataAPI-Bridging-Header.h"; sourceTree = "<group>"; };
		795D6750F621C1A6CFD87F10 /* Pods.framework */ = {isa = PBXFileReference; explicitFileType = wrapper.framework; includeInIndex = 0; path = Pods.framework; sourceTree = BUILT_PRODUCTS_DIR; };
		796D6CFF1B022767004DD179 /* DataAPI.swift */ = {isa = PBXFileReference; fileEncoding = 4; lastKnownFileType = sourcecode.swift; path = DataAPI.swift; sourceTree = "<group>"; };
		79AFD5531B01A99C00833984 /* MTDataAPI.app */ = {isa = PBXFileReference; explicitFileType = wrapper.application; includeInIndex = 0; path = MTDataAPI.app; sourceTree = BUILT_PRODUCTS_DIR; };
		79AFD5571B01A99C00833984 /* Info.plist */ = {isa = PBXFileReference; lastKnownFileType = text.plist.xml; path = Info.plist; sourceTree = "<group>"; };
		79AFD5681B01A99C00833984 /* MTDataAPITests.xctest */ = {isa = PBXFileReference; explicitFileType = wrapper.cfbundle; includeInIndex = 0; path = MTDataAPITests.xctest; sourceTree = BUILT_PRODUCTS_DIR; };
		79E8EEE21B01AA7100A2B881 /* MTDataAPITests.swift */ = {isa = PBXFileReference; fileEncoding = 4; lastKnownFileType = sourcecode.swift; path = MTDataAPITests.swift; sourceTree = "<group>"; };
		79E8EEE41B01AA7E00A2B881 /* Info.plist */ = {isa = PBXFileReference; fileEncoding = 4; lastKnownFileType = text.plist.xml; path = Info.plist; sourceTree = "<group>"; };
		9D85ADFBC6F02F2E18B54152 /* Pods-MTDataAPI.debug.xcconfig */ = {isa = PBXFileReference; includeInIndex = 1; lastKnownFileType = text.xcconfig; name = "Pods-MTDataAPI.debug.xcconfig"; path = "Pods/Target Support Files/Pods-MTDataAPI/Pods-MTDataAPI.debug.xcconfig"; sourceTree = "<group>"; };
		B93B782D4BEAC575FBF6A0EB /* Pods-MTDataAPITests.debug.xcconfig */ = {isa = PBXFileReference; includeInIndex = 1; lastKnownFileType = text.xcconfig; name = "Pods-MTDataAPITests.debug.xcconfig"; path = "Pods/Target Support Files/Pods-MTDataAPITests/Pods-MTDataAPITests.debug.xcconfig"; sourceTree = "<group>"; };
		F07AE5C559FC8337C2BCDF93 /* Pods_MTDataAPITests.framework */ = {isa = PBXFileReference; explicitFileType = wrapper.framework; includeInIndex = 0; path = Pods_MTDataAPITests.framework; sourceTree = BUILT_PRODUCTS_DIR; };
/* End PBXFileReference section */

/* Begin PBXFrameworksBuildPhase section */
		79AFD5501B01A99C00833984 /* Frameworks */ = {
			isa = PBXFrameworksBuildPhase;
			buildActionMask = 2147483647;
			files = (
				17B251B8AE88F5024CB3DE40 /* Pods_MTDataAPI.framework in Frameworks */,
			);
			runOnlyForDeploymentPostprocessing = 0;
		};
		79AFD5651B01A99C00833984 /* Frameworks */ = {
			isa = PBXFrameworksBuildPhase;
			buildActionMask = 2147483647;
			files = (
				47DE9C4D2544C7D099411F72 /* Pods_MTDataAPITests.framework in Frameworks */,
			);
			runOnlyForDeploymentPostprocessing = 0;
		};
/* End PBXFrameworksBuildPhase section */

/* Begin PBXGroup section */
		101E5D45D6FEFCD9CD07A06B /* Frameworks */ = {
			isa = PBXGroup;
			children = (
				795D6750F621C1A6CFD87F10 /* Pods.framework */,
				4E3DA84ACFAA7D84780638F4 /* Pods_MTDataAPI.framework */,
				F07AE5C559FC8337C2BCDF93 /* Pods_MTDataAPITests.framework */,
			);
			name = Frameworks;
			sourceTree = "<group>";
		};
		4CF08AEF755A9612CBC71929 /* Pods */ = {
			isa = PBXGroup;
			children = (
				9D85ADFBC6F02F2E18B54152 /* Pods-MTDataAPI.debug.xcconfig */,
				6489D5EF2656A88988714B27 /* Pods-MTDataAPI.release.xcconfig */,
				B93B782D4BEAC575FBF6A0EB /* Pods-MTDataAPITests.debug.xcconfig */,
				764F60C9799725CAF1AFEEA5 /* Pods-MTDataAPITests.release.xcconfig */,
			);
			name = Pods;
			sourceTree = "<group>";
		};
		7947A2B91B01AB6500EDAEEA /* Classes */ = {
			isa = PBXGroup;
			children = (
				796D6CFE1B022767004DD179 /* SDK */,
				7947A2BA1B01AB6500EDAEEA /* App */,
				7947A2BC1B01AB6500EDAEEA /* Controller */,
				7947A2C11B01AB6500EDAEEA /* Model */,
				7947A2C31B01AB6500EDAEEA /* View */,
			);
			path = Classes;
			sourceTree = "<group>";
		};
		7947A2BA1B01AB6500EDAEEA /* App */ = {
			isa = PBXGroup;
			children = (
				7947A2BB1B01AB6500EDAEEA /* AppDelegate.swift */,
			);
			path = App;
			sourceTree = "<group>";
		};
		7947A2BC1B01AB6500EDAEEA /* Controller */ = {
			isa = PBXGroup;
			children = (
				7947A2BD1B01AB6500EDAEEA /* BlogTableViewController.swift */,
				7947A2BE1B01AB6500EDAEEA /* EntryDetailViewController.swift */,
				7947A2BF1B01AB6500EDAEEA /* EntryTableViewController.swift */,
				7947A2C01B01AB6500EDAEEA /* LoginViewController.swift */,
			);
			path = Controller;
			sourceTree = "<group>";
		};
		7947A2C11B01AB6500EDAEEA /* Model */ = {
			isa = PBXGroup;
			children = (
			);
			path = Model;
			sourceTree = "<group>";
		};
		7947A2C31B01AB6500EDAEEA /* View */ = {
			isa = PBXGroup;
			children = (
			);
			path = View;
			sourceTree = "<group>";
		};
		7947A2CE1B01ABBC00EDAEEA /* Resources */ = {
			isa = PBXGroup;
			children = (
				7947A2DB1B01ABE400EDAEEA /* Images.xcassets */,
				7947A2CF1B01ABDB00EDAEEA /* Entry.storyboard */,
				7947A2D11B01ABDB00EDAEEA /* EntryDetail.storyboard */,
				7947A2D31B01ABDB00EDAEEA /* LaunchScreen.xib */,
				7947A2D51B01ABDB00EDAEEA /* Main.storyboard */,
			);
			name = Resources;
			sourceTree = "<group>";
		};
		796D6CFE1B022767004DD179 /* SDK */ = {
			isa = PBXGroup;
			children = (
				796D6CFF1B022767004DD179 /* DataAPI.swift */,
			);
			name = SDK;
			path = ../SDK;
			sourceTree = SOURCE_ROOT;
		};
		79AFD54A1B01A99C00833984 = {
			isa = PBXGroup;
			children = (
				79AFD5551B01A99C00833984 /* MTDataAPI */,
				79AFD56B1B01A99C00833984 /* MTDataAPITests */,
				79AFD5541B01A99C00833984 /* Products */,
				101E5D45D6FEFCD9CD07A06B /* Frameworks */,
				4CF08AEF755A9612CBC71929 /* Pods */,
			);
			sourceTree = "<group>";
		};
		79AFD5541B01A99C00833984 /* Products */ = {
			isa = PBXGroup;
			children = (
				79AFD5531B01A99C00833984 /* MTDataAPI.app */,
				79AFD5681B01A99C00833984 /* MTDataAPITests.xctest */,
			);
			name = Products;
			sourceTree = "<group>";
		};
		79AFD5551B01A99C00833984 /* MTDataAPI */ = {
			isa = PBXGroup;
			children = (
				7947A2B91B01AB6500EDAEEA /* Classes */,
				7947A2CE1B01ABBC00EDAEEA /* Resources */,
				79AFD5561B01A99C00833984 /* Supporting Files */,
			);
			path = MTDataAPI;
			sourceTree = "<group>";
		};
		79AFD5561B01A99C00833984 /* Supporting Files */ = {
			isa = PBXGroup;
			children = (
				7947A2DD1B01ABED00EDAEEA /* MTDataAPI-Bridging-Header.h */,
				79AFD5571B01A99C00833984 /* Info.plist */,
			);
			name = "Supporting Files";
			sourceTree = "<group>";
		};
		79AFD56B1B01A99C00833984 /* MTDataAPITests */ = {
			isa = PBXGroup;
			children = (
				79E8EEE21B01AA7100A2B881 /* MTDataAPITests.swift */,
				79AFD56C1B01A99C00833984 /* Supporting Files */,
			);
			path = MTDataAPITests;
			sourceTree = "<group>";
		};
		79AFD56C1B01A99C00833984 /* Supporting Files */ = {
			isa = PBXGroup;
			children = (
				79E8EEE41B01AA7E00A2B881 /* Info.plist */,
			);
			name = "Supporting Files";
			sourceTree = "<group>";
		};
/* End PBXGroup section */

/* Begin PBXNativeTarget section */
		79AFD5521B01A99C00833984 /* MTDataAPI */ = {
			isa = PBXNativeTarget;
			buildConfigurationList = 79AFD5721B01A99C00833984 /* Build configuration list for PBXNativeTarget "MTDataAPI" */;
			buildPhases = (
				AF5F4EAF6BC394679A16DC68 /* [CP] Check Pods Manifest.lock */,
				79AFD54F1B01A99C00833984 /* Sources */,
				79AFD5501B01A99C00833984 /* Frameworks */,
				79AFD5511B01A99C00833984 /* Resources */,
				47D2072C84ED5B9BB1C38860 /* [CP] Embed Pods Frameworks */,
				726D79778FAF98D014B5821D /* [CP] Copy Pods Resources */,
			);
			buildRules = (
			);
			dependencies = (
			);
			name = MTDataAPI;
			productName = MTDataAPI;
			productReference = 79AFD5531B01A99C00833984 /* MTDataAPI.app */;
			productType = "com.apple.product-type.application";
		};
		79AFD5671B01A99C00833984 /* MTDataAPITests */ = {
			isa = PBXNativeTarget;
			buildConfigurationList = 79AFD5751B01A99C00833984 /* Build configuration list for PBXNativeTarget "MTDataAPITests" */;
			buildPhases = (
				389B88C7F91BB723E5C35AF0 /* [CP] Check Pods Manifest.lock */,
				79AFD5641B01A99C00833984 /* Sources */,
				79AFD5651B01A99C00833984 /* Frameworks */,
				79AFD5661B01A99C00833984 /* Resources */,
				DC8927967E888D37A4B2F3AE /* [CP] Embed Pods Frameworks */,
				290BD30B2FEC7FA20E57B434 /* [CP] Copy Pods Resources */,
			);
			buildRules = (
			);
			dependencies = (
				79AFD56A1B01A99C00833984 /* PBXTargetDependency */,
			);
			name = MTDataAPITests;
			productName = MTDataAPITests;
			productReference = 79AFD5681B01A99C00833984 /* MTDataAPITests.xctest */;
			productType = "com.apple.product-type.bundle.unit-test";
		};
/* End PBXNativeTarget section */

/* Begin PBXProject section */
		79AFD54B1B01A99C00833984 /* Project object */ = {
			isa = PBXProject;
			attributes = {
				LastSwiftMigration = 0700;
				LastSwiftUpdateCheck = 0700;
				LastUpgradeCheck = 0810;
				ORGANIZATIONNAME = "Six Apart, Ltd.";
				TargetAttributes = {
					79AFD5521B01A99C00833984 = {
						CreatedOnToolsVersion = 6.3.1;
						LastSwiftMigration = 0810;
					};
					79AFD5671B01A99C00833984 = {
						CreatedOnToolsVersion = 6.3.1;
						LastSwiftMigration = 0810;
						TestTargetID = 79AFD5521B01A99C00833984;
					};
				};
			};
			buildConfigurationList = 79AFD54E1B01A99C00833984 /* Build configuration list for PBXProject "MTDataAPI" */;
			compatibilityVersion = "Xcode 3.2";
			developmentRegion = English;
			hasScannedForEncodings = 0;
			knownRegions = (
				en,
				Base,
			);
			mainGroup = 79AFD54A1B01A99C00833984;
			productRefGroup = 79AFD5541B01A99C00833984 /* Products */;
			projectDirPath = "";
			projectRoot = "";
			targets = (
				79AFD5521B01A99C00833984 /* MTDataAPI */,
				79AFD5671B01A99C00833984 /* MTDataAPITests */,
			);
		};
/* End PBXProject section */

/* Begin PBXResourcesBuildPhase section */
		79AFD5511B01A99C00833984 /* Resources */ = {
			isa = PBXResourcesBuildPhase;
			buildActionMask = 2147483647;
			files = (
				7947A2D81B01ABDB00EDAEEA /* EntryDetail.storyboard in Resources */,
				7947A2DC1B01ABE400EDAEEA /* Images.xcassets in Resources */,
				7947A2D91B01ABDB00EDAEEA /* LaunchScreen.xib in Resources */,
				7947A2D71B01ABDB00EDAEEA /* Entry.storyboard in Resources */,
				7947A2DA1B01ABDB00EDAEEA /* Main.storyboard in Resources */,
			);
			runOnlyForDeploymentPostprocessing = 0;
		};
		79AFD5661B01A99C00833984 /* Resources */ = {
			isa = PBXResourcesBuildPhase;
			buildActionMask = 2147483647;
			files = (
			);
			runOnlyForDeploymentPostprocessing = 0;
		};
/* End PBXResourcesBuildPhase section */

/* Begin PBXShellScriptBuildPhase section */
		290BD30B2FEC7FA20E57B434 /* [CP] Copy Pods Resources */ = {
			isa = PBXShellScriptBuildPhase;
			buildActionMask = 2147483647;
			files = (
			);
			inputPaths = (
			);
			name = "[CP] Copy Pods Resources";
			outputPaths = (
			);
			runOnlyForDeploymentPostprocessing = 0;
			shellPath = /bin/sh;
			shellScript = "\"${SRCROOT}/Pods/Target Support Files/Pods-MTDataAPITests/Pods-MTDataAPITests-resources.sh\"\n";
			showEnvVarsInLog = 0;
		};
		389B88C7F91BB723E5C35AF0 /* [CP] Check Pods Manifest.lock */ = {
			isa = PBXShellScriptBuildPhase;
			buildActionMask = 2147483647;
			files = (
			);
			inputPaths = (
			);
			name = "[CP] Check Pods Manifest.lock";
			outputPaths = (
			);
			runOnlyForDeploymentPostprocessing = 0;
			shellPath = /bin/sh;
			shellScript = "diff \"${PODS_ROOT}/../Podfile.lock\" \"${PODS_ROOT}/Manifest.lock\" > /dev/null\nif [ $? != 0 ] ; then\n    # print error to STDERR\n    echo \"error: The sandbox is not in sync with the Podfile.lock. Run 'pod install' or update your CocoaPods installation.\" >&2\n    exit 1\nfi\n";
			showEnvVarsInLog = 0;
		};
		47D2072C84ED5B9BB1C38860 /* [CP] Embed Pods Frameworks */ = {
			isa = PBXShellScriptBuildPhase;
			buildActionMask = 2147483647;
			files = (
			);
			inputPaths = (
			);
			name = "[CP] Embed Pods Frameworks";
			outputPaths = (
			);
			runOnlyForDeploymentPostprocessing = 0;
			shellPath = /bin/sh;
			shellScript = "\"${SRCROOT}/Pods/Target Support Files/Pods-MTDataAPI/Pods-MTDataAPI-frameworks.sh\"\n";
			showEnvVarsInLog = 0;
		};
		726D79778FAF98D014B5821D /* [CP] Copy Pods Resources */ = {
			isa = PBXShellScriptBuildPhase;
			buildActionMask = 2147483647;
			files = (
			);
			inputPaths = (
			);
			name = "[CP] Copy Pods Resources";
			outputPaths = (
			);
			runOnlyForDeploymentPostprocessing = 0;
			shellPath = /bin/sh;
			shellScript = "\"${SRCROOT}/Pods/Target Support Files/Pods-MTDataAPI/Pods-MTDataAPI-resources.sh\"\n";
			showEnvVarsInLog = 0;
		};
		AF5F4EAF6BC394679A16DC68 /* [CP] Check Pods Manifest.lock */ = {
			isa = PBXShellScriptBuildPhase;
			buildActionMask = 2147483647;
			files = (
			);
			inputPaths = (
			);
			name = "[CP] Check Pods Manifest.lock";
			outputPaths = (
			);
			runOnlyForDeploymentPostprocessing = 0;
			shellPath = /bin/sh;
			shellScript = "diff \"${PODS_ROOT}/../Podfile.lock\" \"${PODS_ROOT}/Manifest.lock\" > /dev/null\nif [ $? != 0 ] ; then\n    # print error to STDERR\n    echo \"error: The sandbox is not in sync with the Podfile.lock. Run 'pod install' or update your CocoaPods installation.\" >&2\n    exit 1\nfi\n";
			showEnvVarsInLog = 0;
		};
		DC8927967E888D37A4B2F3AE /* [CP] Embed Pods Frameworks */ = {
			isa = PBXShellScriptBuildPhase;
			buildActionMask = 2147483647;
			files = (
			);
			inputPaths = (
			);
			name = "[CP] Embed Pods Frameworks";
			outputPaths = (
			);
			runOnlyForDeploymentPostprocessing = 0;
			shellPath = /bin/sh;
			shellScript = "\"${SRCROOT}/Pods/Target Support Files/Pods-MTDataAPITests/Pods-MTDataAPITests-frameworks.sh\"\n";
			showEnvVarsInLog = 0;
		};
/* End PBXShellScriptBuildPhase section */

/* Begin PBXSourcesBuildPhase section */
		79AFD54F1B01A99C00833984 /* Sources */ = {
			isa = PBXSourcesBuildPhase;
			buildActionMask = 2147483647;
			files = (
				7947A2C41B01AB6500EDAEEA /* AppDelegate.swift in Sources */,
				7947A2C61B01AB6500EDAEEA /* EntryDetailViewController.swift in Sources */,
				7947A2C71B01AB6500EDAEEA /* EntryTableViewController.swift in Sources */,
				7947A2C81B01AB6500EDAEEA /* LoginViewController.swift in Sources */,
				796D6D001B022767004DD179 /* DataAPI.swift in Sources */,
				7947A2C51B01AB6500EDAEEA /* BlogTableViewController.swift in Sources */,
			);
			runOnlyForDeploymentPostprocessing = 0;
		};
		79AFD5641B01A99C00833984 /* Sources */ = {
			isa = PBXSourcesBuildPhase;
			buildActionMask = 2147483647;
			files = (
				79E8EEE31B01AA7100A2B881 /* MTDataAPITests.swift in Sources */,
			);
			runOnlyForDeploymentPostprocessing = 0;
		};
/* End PBXSourcesBuildPhase section */

/* Begin PBXTargetDependency section */
		79AFD56A1B01A99C00833984 /* PBXTargetDependency */ = {
			isa = PBXTargetDependency;
			target = 79AFD5521B01A99C00833984 /* MTDataAPI */;
			targetProxy = 79AFD5691B01A99C00833984 /* PBXContainerItemProxy */;
		};
/* End PBXTargetDependency section */

/* Begin PBXVariantGroup section */
		7947A2CF1B01ABDB00EDAEEA /* Entry.storyboard */ = {
			isa = PBXVariantGroup;
			children = (
				7947A2D01B01ABDB00EDAEEA /* Base */,
			);
			name = Entry.storyboard;
			sourceTree = "<group>";
		};
		7947A2D11B01ABDB00EDAEEA /* EntryDetail.storyboard */ = {
			isa = PBXVariantGroup;
			children = (
				7947A2D21B01ABDB00EDAEEA /* Base */,
			);
			name = EntryDetail.storyboard;
			sourceTree = "<group>";
		};
		7947A2D31B01ABDB00EDAEEA /* LaunchScreen.xib */ = {
			isa = PBXVariantGroup;
			children = (
				7947A2D41B01ABDB00EDAEEA /* Base */,
			);
			name = LaunchScreen.xib;
			sourceTree = "<group>";
		};
		7947A2D51B01ABDB00EDAEEA /* Main.storyboard */ = {
			isa = PBXVariantGroup;
			children = (
				7947A2D61B01ABDB00EDAEEA /* Base */,
			);
			name = Main.storyboard;
			sourceTree = "<group>";
		};
/* End PBXVariantGroup section */

/* Begin XCBuildConfiguration section */
		79AFD5701B01A99C00833984 /* Debug */ = {
			isa = XCBuildConfiguration;
			buildSettings = {
				ALWAYS_SEARCH_USER_PATHS = NO;
				CLANG_CXX_LANGUAGE_STANDARD = "gnu++0x";
				CLANG_CXX_LIBRARY = "libc++";
				CLANG_ENABLE_MODULES = YES;
				CLANG_ENABLE_OBJC_ARC = YES;
				CLANG_WARN_BOOL_CONVERSION = YES;
				CLANG_WARN_CONSTANT_CONVERSION = YES;
				CLANG_WARN_DIRECT_OBJC_ISA_USAGE = YES_ERROR;
				CLANG_WARN_EMPTY_BODY = YES;
				CLANG_WARN_ENUM_CONVERSION = YES;
				CLANG_WARN_INFINITE_RECURSION = YES;
				CLANG_WARN_INT_CONVERSION = YES;
				CLANG_WARN_OBJC_ROOT_CLASS = YES_ERROR;
				CLANG_WARN_SUSPICIOUS_MOVE = YES;
				CLANG_WARN_UNREACHABLE_CODE = YES;
				CLANG_WARN__DUPLICATE_METHOD_MATCH = YES;
				"CODE_SIGN_IDENTITY[sdk=iphoneos*]" = "iPhone Developer";
				COPY_PHASE_STRIP = NO;
				DEBUG_INFORMATION_FORMAT = "dwarf-with-dsym";
				ENABLE_STRICT_OBJC_MSGSEND = YES;
				ENABLE_TESTABILITY = YES;
				GCC_C_LANGUAGE_STANDARD = gnu99;
				GCC_DYNAMIC_NO_PIC = NO;
				GCC_NO_COMMON_BLOCKS = YES;
				GCC_OPTIMIZATION_LEVEL = 0;
				GCC_PREPROCESSOR_DEFINITIONS = (
					"DEBUG=1",
					"$(inherited)",
				);
				GCC_SYMBOLS_PRIVATE_EXTERN = NO;
				GCC_WARN_64_TO_32_BIT_CONVERSION = YES;
				GCC_WARN_ABOUT_RETURN_TYPE = YES_ERROR;
				GCC_WARN_UNDECLARED_SELECTOR = YES;
				GCC_WARN_UNINITIALIZED_AUTOS = YES_AGGRESSIVE;
				GCC_WARN_UNUSED_FUNCTION = YES;
				GCC_WARN_UNUSED_VARIABLE = YES;
				IPHONEOS_DEPLOYMENT_TARGET = 8.0;
				MTL_ENABLE_DEBUG_INFO = YES;
				ONLY_ACTIVE_ARCH = YES;
				SDKROOT = iphoneos;
				SWIFT_OPTIMIZATION_LEVEL = "-Onone";
			};
			name = Debug;
		};
		79AFD5711B01A99C00833984 /* Release */ = {
			isa = XCBuildConfiguration;
			buildSettings = {
				ALWAYS_SEARCH_USER_PATHS = NO;
				CLANG_CXX_LANGUAGE_STANDARD = "gnu++0x";
				CLANG_CXX_LIBRARY = "libc++";
				CLANG_ENABLE_MODULES = YES;
				CLANG_ENABLE_OBJC_ARC = YES;
				CLANG_WARN_BOOL_CONVERSION = YES;
				CLANG_WARN_CONSTANT_CONVERSION = YES;
				CLANG_WARN_DIRECT_OBJC_ISA_USAGE = YES_ERROR;
				CLANG_WARN_EMPTY_BODY = YES;
				CLANG_WARN_ENUM_CONVERSION = YES;
				CLANG_WARN_INFINITE_RECURSION = YES;
				CLANG_WARN_INT_CONVERSION = YES;
				CLANG_WARN_OBJC_ROOT_CLASS = YES_ERROR;
				CLANG_WARN_SUSPICIOUS_MOVE = YES;
				CLANG_WARN_UNREACHABLE_CODE = YES;
				CLANG_WARN__DUPLICATE_METHOD_MATCH = YES;
				"CODE_SIGN_IDENTITY[sdk=iphoneos*]" = "iPhone Developer";
				COPY_PHASE_STRIP = NO;
				DEBUG_INFORMATION_FORMAT = "dwarf-with-dsym";
				ENABLE_NS_ASSERTIONS = NO;
				ENABLE_STRICT_OBJC_MSGSEND = YES;
				GCC_C_LANGUAGE_STANDARD = gnu99;
				GCC_NO_COMMON_BLOCKS = YES;
				GCC_WARN_64_TO_32_BIT_CONVERSION = YES;
				GCC_WARN_ABOUT_RETURN_TYPE = YES_ERROR;
				GCC_WARN_UNDECLARED_SELECTOR = YES;
				GCC_WARN_UNINITIALIZED_AUTOS = YES_AGGRESSIVE;
				GCC_WARN_UNUSED_FUNCTION = YES;
				GCC_WARN_UNUSED_VARIABLE = YES;
				IPHONEOS_DEPLOYMENT_TARGET = 8.0;
				MTL_ENABLE_DEBUG_INFO = NO;
				SDKROOT = iphoneos;
				SWIFT_OPTIMIZATION_LEVEL = "-Owholemodule";
				VALIDATE_PRODUCT = YES;
			};
			name = Release;
		};
		79AFD5731B01A99C00833984 /* Debug */ = {
			isa = XCBuildConfiguration;
			baseConfigurationReference = 9D85ADFBC6F02F2E18B54152 /* Pods-MTDataAPI.debug.xcconfig */;
			buildSettings = {
				ALWAYS_EMBED_SWIFT_STANDARD_LIBRARIES = "$(inherited)";
				ASSETCATALOG_COMPILER_APPICON_NAME = AppIcon;
				INFOPLIST_FILE = MTDataAPI/Info.plist;
				IPHONEOS_DEPLOYMENT_TARGET = 8.0;
				LD_RUNPATH_SEARCH_PATHS = "$(inherited) @executable_path/Frameworks";
				PRODUCT_BUNDLE_IDENTIFIER = "jp.sixapart.$(PRODUCT_NAME:rfc1034identifier)";
				PRODUCT_NAME = "$(TARGET_NAME)";
				SWIFT_VERSION = 3.0;
			};
			name = Debug;
		};
		79AFD5741B01A99C00833984 /* Release */ = {
			isa = XCBuildConfiguration;
			baseConfigurationReference = 6489D5EF2656A88988714B27 /* Pods-MTDataAPI.release.xcconfig */;
			buildSettings = {
				ALWAYS_EMBED_SWIFT_STANDARD_LIBRARIES = "$(inherited)";
				ASSETCATALOG_COMPILER_APPICON_NAME = AppIcon;
				INFOPLIST_FILE = MTDataAPI/Info.plist;
				IPHONEOS_DEPLOYMENT_TARGET = 8.0;
				LD_RUNPATH_SEARCH_PATHS = "$(inherited) @executable_path/Frameworks";
				PRODUCT_BUNDLE_IDENTIFIER = "jp.sixapart.$(PRODUCT_NAME:rfc1034identifier)";
				PRODUCT_NAME = "$(TARGET_NAME)";
				SWIFT_VERSION = 3.0;
			};
			name = Release;
		};
		79AFD5761B01A99C00833984 /* Debug */ = {
			isa = XCBuildConfiguration;
			baseConfigurationReference = B93B782D4BEAC575FBF6A0EB /* Pods-MTDataAPITests.debug.xcconfig */;
			buildSettings = {
				ALWAYS_EMBED_SWIFT_STANDARD_LIBRARIES = "$(inherited)";
				BUNDLE_LOADER = "$(TEST_HOST)";
				CLANG_ENABLE_MODULES = YES;
				FRAMEWORK_SEARCH_PATHS = (
					"$(SDKROOT)/Developer/Library/Frameworks",
					"$(inherited)",
				);
				GCC_PREPROCESSOR_DEFINITIONS = (
					"DEBUG=1",
					"$(inherited)",
				);
				INFOPLIST_FILE = MTDataAPITests/Info.plist;
				LD_RUNPATH_SEARCH_PATHS = "$(inherited) @executable_path/Frameworks @loader_path/Frameworks";
				PRODUCT_BUNDLE_IDENTIFIER = "jp.sixapart.$(PRODUCT_NAME:rfc1034identifier)";
				PRODUCT_NAME = "$(TARGET_NAME)";
				SWIFT_OPTIMIZATION_LEVEL = "-Onone";
				SWIFT_VERSION = 3.0;
				TEST_HOST = "$(BUILT_PRODUCTS_DIR)/MTDataAPI.app/MTDataAPI";
			};
			name = Debug;
		};
		79AFD5771B01A99C00833984 /* Release */ = {
			isa = XCBuildConfiguration;
			baseConfigurationReference = 764F60C9799725CAF1AFEEA5 /* Pods-MTDataAPITests.release.xcconfig */;
			buildSettings = {
				ALWAYS_EMBED_SWIFT_STANDARD_LIBRARIES = "$(inherited)";
				BUNDLE_LOADER = "$(TEST_HOST)";
				CLANG_ENABLE_MODULES = YES;
				FRAMEWORK_SEARCH_PATHS = (
					"$(SDKROOT)/Developer/Library/Frameworks",
					"$(inherited)",
				);
				INFOPLIST_FILE = MTDataAPITests/Info.plist;
				LD_RUNPATH_SEARCH_PATHS = "$(inherited) @executable_path/Frameworks @loader_path/Frameworks";
				PRODUCT_BUNDLE_IDENTIFIER = "jp.sixapart.$(PRODUCT_NAME:rfc1034identifier)";
				PRODUCT_NAME = "$(TARGET_NAME)";
				SWIFT_VERSION = 3.0;
				TEST_HOST = "$(BUILT_PRODUCTS_DIR)/MTDataAPI.app/MTDataAPI";
			};
			name = Release;
		};
/* End XCBuildConfiguration section */

/* Begin XCConfigurationList section */
		79AFD54E1B01A99C00833984 /* Build configuration list for PBXProject "MTDataAPI" */ = {
			isa = XCConfigurationList;
			buildConfigurations = (
				79AFD5701B01A99C00833984 /* Debug */,
				79AFD5711B01A99C00833984 /* Release */,
			);
			defaultConfigurationIsVisible = 0;
			defaultConfigurationName = Release;
		};
		79AFD5721B01A99C00833984 /* Build configuration list for PBXNativeTarget "MTDataAPI" */ = {
			isa = XCConfigurationList;
			buildConfigurations = (
				79AFD5731B01A99C00833984 /* Debug */,
				79AFD5741B01A99C00833984 /* Release */,
			);
			defaultConfigurationIsVisible = 0;
			defaultConfigurationName = Release;
		};
		79AFD5751B01A99C00833984 /* Build configuration list for PBXNativeTarget "MTDataAPITests" */ = {
			isa = XCConfigurationList;
			buildConfigurations = (
				79AFD5761B01A99C00833984 /* Debug */,
				79AFD5771B01A99C00833984 /* Release */,
			);
			defaultConfigurationIsVisible = 0;
			defaultConfigurationName = Release;
		};
/* End XCConfigurationList section */
	};
	rootObject = 79AFD54B1B01A99C00833984 /* Project object */;
}
